
Microsoft Visual Studio Solution File, Format Version 12.00
# Visual Studio 14
VisualStudioVersion = 14.0.24720.0
MinimumVisualStudioVersion = 10.0.40219.1
Project("{FAE04EC0-301F-11D3-BF4B-00C04F79EFBC}") = "Planner", "Planner\Planner.csproj", "{E0AFBBE8-9AA2-4C46-B004-6699A834578E}"
EndProject
Global
	GlobalSection(SolutionConfigurationPlatforms) = preSolution
		Debug|Any CPU = Debug|Any CPU
		Release|Any CPU = Release|Any CPU
	EndGlobalSection
	GlobalSection(ProjectConfigurationPlatforms) = postSolution
		{E0AFBBE8-9AA2-4C46-B004-6699A834578E}.Debug|Any CPU.ActiveCfg = Debug|Any CPU
		{E0AFBBE8-9AA2-4C46-B004-6699A834578E}.Debug|Any CPU.Build.0 = Debug|Any CPU
		{E0AFBBE8-9AA2-4C46-B004-6699A834578E}.Release|Any CPU.ActiveCfg = Release|Any CPU
		{E0AFBBE8-9AA2-4C46-B004-6699A834578E}.Release|Any CPU.Build.0 = Release|Any CPU
	EndGlobalSection
	GlobalSection(SolutionProperties) = preSolution
		HideSolutionNode = FALSE
	EndGlobalSection
EndGlobal
